{
  "nodes": {
    "autoraise-release": {
      "flake": false,
      "locked": {
        "narHash": "sha256-F26XksnJX4lkXzhABGmQejuW+/83O+wUTOKcXIUYtk8=",
        "type": "tarball",
        "url": "https://github.com/sbmpost/AutoRaise/archive/refs/tags/v3.7.tar.gz"
      },
      "original": {
        "type": "tarball",
        "url": "https://github.com/sbmpost/AutoRaise/archive/refs/tags/v3.7.tar.gz"
      }
    },
    "flake-parts": {
      "inputs": {
        "nixpkgs-lib": "nixpkgs-lib"
      },
      "locked": {
        "lastModified": 1683560683,
        "narHash": "sha256-XAygPMN5Xnk/W2c1aW0jyEa6lfMDZWlQgiNtmHXytPc=",
        "owner": "hercules-ci",
        "repo": "flake-parts",
        "rev": "006c75898cf814ef9497252b022e91c946ba8e17",
        "type": "github"
      },
      "original": {
        "owner": "hercules-ci",
        "repo": "flake-parts",
        "type": "github"
      }
    },
    "nixpkgs": {
      "locked": {
        "lastModified": 1684130981,
        "narHash": "sha256-5IPp/rUAOogega5xuRoxcpfkwlGDAyWdizL0Tp2GA4s=",
        "owner": "NixOS",
        "repo": "nixpkgs",
        "rev": "d41eea2839de7de0f2cbe4aa90fde5db8afcd30a",
        "type": "github"
      },
      "original": {
        "owner": "NixOS",
        "ref": "nixos-22.11",
        "repo": "nixpkgs",
        "type": "github"
      }
    },
    "nixpkgs-lib": {
      "locked": {
        "dir": "lib",
        "lastModified": 1682879489,
        "narHash": "sha256-sASwo8gBt7JDnOOstnps90K1wxmVfyhsTPPNTGBPjjg=",
        "owner": "NixOS",
        "repo": "nixpkgs",
        "rev": "da45bf6ec7bbcc5d1e14d3795c025199f28e0de0",
        "type": "github"
      },
      "original": {
        "dir": "lib",
        "owner": "NixOS",
        "ref": "nixos-unstable",
        "repo": "nixpkgs",
        "type": "github"
      }
    },
    "root": {
      "inputs": {
        "autoraise-release": "autoraise-release",
        "flake-parts": "flake-parts",
        "nixpkgs": "nixpkgs"
      }
    }
  },
  "root": "root",
  "version": 7
}
